{
  "name": "untitled",
  "version": "1.0.0",
  "lockfileVersion": 1,
  "requires": true,
  "dependencies": {
    "babel-runtime": {
      "version": "6.26.0",
      "resolved": "https://registry.npmmirror.com/babel-runtime/-/babel-runtime-6.26.0.tgz",
      "integrity": "sha512-ITKNuq2wKlW1fJg9sSW52eepoYgZBggvOAHC0u/CYu/qxQ9EVzThCgR69BnSXLHjy2f7SY5zaQ4yt7H9ZVxY2g==",
      "requires": {
        "core-js": "^2.4.0",
        "regenerator-runtime": "^0.11.0"
      }
    },
    "core-js": {
      "version": "2.6.12",
      "resolved": "https://registry.npmmirror.com/core-js/-/core-js-2.6.12.tgz",
      "integrity": "sha512-Kb2wC0fvsWfQrgk8HU5lW6U/Lcs8+9aaYcy4ZFc6DDlo4nZ7n70dEgE5rtR0oG6ufKDUnrwfWL1mXR5ljDatrQ=="
    },
    "dom-walk": {
      "version": "0.1.2",
      "resolved": "https://registry.npmmirror.com/dom-walk/-/dom-walk-0.1.2.tgz",
      "integrity": "sha512-6QvTW9mrGeIegrFXdtQi9pk7O/nSK6lSdXW2eqUspN5LWD7UTji2Fqw5V2YLjBpHEoU9Xl/eUWNpDeZvoyOv2w=="
    },
    "es5-shim": {
      "version": "4.6.7",
      "resolved": "https://registry.npmmirror.com/es5-shim/-/es5-shim-4.6.7.tgz",
      "integrity": "sha512-jg21/dmlrNQI7JyyA2w7n+yifSxBng0ZralnSfVZjoCawgNTCnS+yBCyVM9DL5itm7SUnDGgv7hcq2XCZX4iRQ=="
    },
    "global": {
      "version": "4.3.2",
      "resolved": "https://registry.npmmirror.com/global/-/global-4.3.2.tgz",
      "integrity": "sha512-/4AybdwIDU4HkCUbJkZdWpe4P6vuw/CUtu+0I1YlLIPe7OlUO7KNJ+q/rO70CW2/NW6Jc6I62++Hzsf5Alu6rQ==",
      "requires": {
        "min-document": "^2.19.0",
        "process": "~0.5.1"
      }
    },
    "individual": {
      "version": "2.0.0",
      "resolved": "https://registry.npmmirror.com/individual/-/individual-2.0.0.tgz",
      "integrity": "sha512-pWt8hBCqJsUWI/HtcfWod7+N9SgAqyPEaF7JQjwzjn5vGrpg6aQ5qeAFQ7dx//UH4J1O+7xqew+gCeeFt6xN/g=="
    },
    "is-function": {
      "version": "1.0.2",
      "resolved": "https://registry.npmmirror.com/is-function/-/is-function-1.0.2.tgz",
      "integrity": "sha512-lw7DUp0aWXYg+CBCN+JKkcE0Q2RayZnSvnZBlwgxHBQhqt5pZNVy4Ri7H9GmmXkdu7LUthszM+Tor1u/2iBcpQ=="
    },
    "min-document": {
      "version": "2.19.0",
      "resolved": "https://registry.npmmirror.com/min-document/-/min-document-2.19.0.tgz",
      "integrity": "sha512-9Wy1B3m3f66bPPmU5hdA4DR4PB2OfDU/+GS3yAB7IQozE3tqXaVv2zOjgla7MEGSRv95+ILmOuvhLkOK6wJtCQ==",
      "requires": {
        "dom-walk": "^0.1.0"
      }
    },
    "parse-headers": {
      "version": "2.0.5",
      "resolved": "https://registry.npmmirror.com/parse-headers/-/parse-headers-2.0.5.tgz",
      "integrity": "sha512-ft3iAoLOB/MlwbNXgzy43SWGP6sQki2jQvAyBg/zDFAgr9bfNWZIUj42Kw2eJIl8kEi4PbgE6U1Zau/HwI75HA=="
    },
    "process": {
      "version": "0.5.2",
      "resolved": "https://registry.npmmirror.com/process/-/process-0.5.2.tgz",
      "integrity": "sha512-oNpcutj+nYX2FjdEW7PGltWhXulAnFlM0My/k48L90hARCOJtvBbQXc/6itV2jDvU5xAAtonP+r6wmQgCcbAUA=="
    },
    "regenerator-runtime": {
      "version": "0.11.1",
      "resolved": "https://registry.npmmirror.com/regenerator-runtime/-/regenerator-runtime-0.11.1.tgz",
      "integrity": "sha512-MguG95oij0fC3QV3URf4V2SDYGJhJnJGqvIIgdECeODCT98wSWDAJ94SSuVpYQUoTcGUIL6L4yNB7j1DFFHSBg=="
    },
    "rust-result": {
      "version": "1.0.0",
      "resolved": "https://registry.npmmirror.com/rust-result/-/rust-result-1.0.0.tgz",
      "integrity": "sha512-6cJzSBU+J/RJCF063onnQf0cDUOHs9uZI1oroSGnHOph+CQTIJ5Pp2hK5kEQq1+7yE/EEWfulSNXAQ2jikPthA==",
      "requires": {
        "individual": "^2.0.0"
      }
    },
    "safe-json-parse": {
      "version": "4.0.0",
      "resolved": "https://registry.npmmirror.com/safe-json-parse/-/safe-json-parse-4.0.0.tgz",
      "integrity": "sha512-RjZPPHugjK0TOzFrLZ8inw44s9bKox99/0AZW9o/BEQVrJfhI+fIHMErnPyRa89/yRXUUr93q+tiN6zhoVV4wQ==",
      "requires": {
        "rust-result": "^1.0.0"
      }
    },
    "tsml": {
      "version": "1.0.1",
      "resolved": "https://registry.npmmirror.com/tsml/-/tsml-1.0.1.tgz",
      "integrity": "sha512-3KmepnH9SUsoOVtg013CRrL7c+AK7ECaquAsJdvu4288EDJuraqBlP4PDXT/rLEJ9YDn4jqLAzRJsnFPx+V6lg=="
    },
    "video.js": {
      "version": "6.5.0",
      "resolved": "https://registry.npmmirror.com/video.js/-/video.js-6.5.0.tgz",
      "integrity": "sha512-n26UceGKjw2d8eENDDvvoHE3PMO6G13/sZXbglBxNFkt2iDS8t+VjLfwaxCw4sEQvHRsfewtXGYxL0wjIhlHKw==",
      "requires": {
        "babel-runtime": "^6.9.2",
        "global": "4.3.2",
        "safe-json-parse": "4.0.0",
        "tsml": "1.0.1",
        "videojs-font": "2.0.0",
        "videojs-ie8": "1.1.2",
        "videojs-vtt.js": "0.12.4",
        "xhr": "2.4.0"
      }
    },
    "videojs-flash": {
      "version": "2.2.1",
      "resolved": "https://registry.npmmirror.com/videojs-flash/-/videojs-flash-2.2.1.tgz",
      "integrity": "sha512-mHu6TD12EKkxMvr8tg4AcfV/DuVLff427nneoZom3N9Dd2bv0sJOWwdLPQH1v5BCuAuXAVuAOba56ovTl+G3tQ==",
      "requires": {
        "global": "^4.4.0",
        "video.js": "^6 || ^7",
        "videojs-swf": "5.4.2"
      },
      "dependencies": {
        "global": {
          "version": "4.4.0",
          "resolved": "https://registry.npmmirror.com/global/-/global-4.4.0.tgz",
          "integrity": "sha512-wv/LAoHdRE3BeTGz53FAamhGlPLhlssK45usmGFThIi4XqnBmjKQ16u+RNbP7WvigRZDxUsM0J3gcQ5yicaL0w==",
          "requires": {
            "min-document": "^2.19.0",
            "process": "^0.11.10"
          }
        },
        "process": {
          "version": "0.11.10",
          "resolved": "https://registry.npmmirror.com/process/-/process-0.11.10.tgz",
          "integrity": "sha512-cdGef/drWFoydD1JsMzuFf8100nZl+GT+yacc2bEced5f9Rjk4z+WtFUTBu9PhOi9j/jfmBPu0mMEY4wIdAF8A=="
        }
      }
    },
    "videojs-font": {
      "version": "2.0.0",
      "resolved": "https://registry.npmmirror.com/videojs-font/-/videojs-font-2.0.0.tgz",
      "integrity": "sha512-SX0akOXrsYrrFF82hm5jcEYzDj7WttS4bTRPuZC/MWWyVFOH5eYL+cP1MQargIvXLn2QKW4itvtn6AET7QNZQQ=="
    },
    "videojs-ie8": {
      "version": "1.1.2",
      "resolved": "https://registry.npmmirror.com/videojs-ie8/-/videojs-ie8-1.1.2.tgz",
      "integrity": "sha512-0Zb2T4MLkpfZbeGMK/Z93b8Lrepr+rLFoHgQV1CoDeFqXvH7b+Vsd/VHoILGxQrgCSHFQ7mAODR6oyMjuiD4/g==",
      "requires": {
        "es5-shim": "^4.5.1"
      }
    },
    "videojs-swf": {
      "version": "5.4.2",
      "resolved": "https://registry.npmmirror.com/videojs-swf/-/videojs-swf-5.4.2.tgz",
      "integrity": "sha512-FGg+Csioa8/A/EacvFefBdb9Z0rSiMlheHDunZnN3xXfUF43jvjawcWFQnZvrv1Cs1nE1LBrHyUZjF7j2mKOLw=="
    },
    "videojs-vtt.js": {
      "version": "0.12.4",
      "resolved": "https://registry.npmmirror.com/videojs-vtt.js/-/videojs-vtt.js-0.12.4.tgz",
      "integrity": "sha512-JQ5eozH5SLOL5xI8ALb1aWf9HjcewQmOytf1gPIsFBTQlSgtSdJ8E8x0GO0ZEXVtFCaPDFiYWAhrjuTI125tBQ==",
      "requires": {
        "global": "^4.3.1"
      }
    },
    "xhr": {
      "version": "2.4.0",
      "resolved": "https://registry.npmmirror.com/xhr/-/xhr-2.4.0.tgz",
      "integrity": "sha512-TUbBsdAuJbX8olk9hsDwGK8P1ri1XlV+PdEWkYw+HQQbpkiBR8PLgD1F3kQDPBs9l4Px34hP9rCYAZOCCAENbw==",
      "requires": {
        "global": "~4.3.0",
        "is-function": "^1.0.1",
        "parse-headers": "^2.0.0",
        "xtend": "^4.0.0"
      }
    },
    "xtend": {
      "version": "4.0.2",
      "resolved": "https://registry.npmmirror.com/xtend/-/xtend-4.0.2.tgz",
      "integrity": "sha512-LKYU1iAXJXUgAXn9URjiu+MWhyUXHsvfp7mcuYm9dSUKK0/CjtrUwFAxD82/mCWbtLsGjFIad0wIsod4zrTAEQ=="
    }
  }
}
